
Microsoft Visual Studio Solution File, Format Version 12.00
# Visual Studio Version 16
VisualStudioVersion = 16.0.31729.503
MinimumVisualStudioVersion = 10.0.40219.1
Project("{FAE04EC0-301F-11D3-BF4B-00C04F79EFBC}") = "JAPTECH FLEET MANAGEMENT SYSTEM", "JAPTECH FLEET MANAGEMENT SYSTEM.csproj", "{B9890AD5-6D32-4950-A96A-2981E3DC80D6}"
EndProject
Global
	GlobalSection(SolutionConfigurationPlatforms) = preSolution
		Debug|Any CPU = Debug|Any CPU
		Release|Any CPU = Release|Any CPU
	EndGlobalSection
	GlobalSection(ProjectConfigurationPlatforms) = postSolution
		{B9890AD5-6D32-4950-A96A-2981E3DC80D6}.Debug|Any CPU.ActiveCfg = Debug|Any CPU
		{B9890AD5-6D32-4950-A96A-2981E3DC80D6}.Debug|Any CPU.Build.0 = Debug|Any CPU
		{B9890AD5-6D32-4950-A96A-2981E3DC80D6}.Release|Any CPU.ActiveCfg = Release|Any CPU
		{B9890AD5-6D32-4950-A96A-2981E3DC80D6}.Release|Any CPU.Build.0 = Release|Any CPU
	EndGlobalSection
	GlobalSection(SolutionProperties) = preSolution
		HideSolutionNode = FALSE
	EndGlobalSection
	GlobalSection(ExtensibilityGlobals) = postSolution
		SolutionGuid = {B401A794-42BE-4464-A3C5-2422B2C5BC68}
	EndGlobalSection
EndGlobal
